{
  "name": "chainpad-crypto",
  "version": "0.2.6",
  "lockfileVersion": 1,
  "requires": true,
  "dependencies": {
    "tweetnacl": {
      "version": "git+https://github.com/dchest/tweetnacl-js.git#8a21381d696acdc4e99c9f706f1ad23285795f79",
      "from": "git+https://github.com/dchest/tweetnacl-js.git#v0.12.2"
    }
  }
}
