{
  "name": "chainpad-crypto",
  "version": "0.2.7",
  "lockfileVersion": 2,
  "requires": true,
  "packages": {
    "": {
      "name": "chainpad-crypto",
      "version": "0.2.7",
      "license": "AGPL-3.0+",
      "dependencies": {
        "tweetnacl": "~0.12.2"
      }
    },
    "node_modules/tweetnacl": {
      "version": "0.12.2",
      "resolved": "git+ssh://git@github.com/dchest/tweetnacl-js.git#8a21381d696acdc4e99c9f706f1ad23285795f79",
      "integrity": "sha512-aivFuAk5VVCYnG3CM/zCHzpI/VzeIKrm6rJPecm1ChnN/Jz0egvLH5RTOl2h2YYPkd5WPy8xLSgqXHg98zh9DQ==",
      "license": "Public domain"
    }
  },
  "dependencies": {
    "tweetnacl": {
      "version": "git+ssh://git@github.com/dchest/tweetnacl-js.git#8a21381d696acdc4e99c9f706f1ad23285795f79",
      "from": "tweetnacl@~0.12.2"
    }
  }
}
